PODS:
  - MBProgressHUD (1.2.0)
  - Toast-Swift (5.0.1)

DEPENDENCIES:
  - MBProgressHUD
  - Toast-Swift

SPEC REPOS:
  trunk:
    - MBProgressHUD
    - Toast-Swift

SPEC CHECKSUMS:
  MBProgressHUD: 3ee5efcc380f6a79a7cc9b363dd669c5e1ae7406
  Toast-Swift: 9b6a70f28b3bf0b96c40d46c0c4b9d6639846711

PODFILE CHECKSUM: 1abeade8b1d6aaf69ed11f7fe0dc208c1d0cc225

COCOAPODS: 1.12.1
